
Microsoft Visual Studio Solution File, Format Version 12.00
# Visual Studio Version 16
VisualStudioVersion = 16.0.33328.57
MinimumVisualStudioVersion = 10.0.40219.1
Project("{FAE04EC0-301F-11D3-BF4B-00C04F79EFBC}") = "TaskManagementAPI", "TaskManagementAPI\TaskManagementAPI.csproj", "{F2D494BC-D56A-4558-9B8E-644E02FACE08}"
EndProject
Global
	GlobalSection(SolutionConfigurationPlatforms) = preSolution
		Debug|Any CPU = Debug|Any CPU
		Release|Any CPU = Release|Any CPU
	EndGlobalSection
	GlobalSection(ProjectConfigurationPlatforms) = postSolution
		{F2D494BC-D56A-4558-9B8E-644E02FACE08}.Debug|Any CPU.ActiveCfg = Debug|Any CPU
		{F2D494BC-D56A-4558-9B8E-644E02FACE08}.Debug|Any CPU.Build.0 = Debug|Any CPU
		{F2D494BC-D56A-4558-9B8E-644E02FACE08}.Release|Any CPU.ActiveCfg = Release|Any CPU
		{F2D494BC-D56A-4558-9B8E-644E02FACE08}.Release|Any CPU.Build.0 = Release|Any CPU
	EndGlobalSection
	GlobalSection(SolutionProperties) = preSolution
		HideSolutionNode = FALSE
	EndGlobalSection
	GlobalSection(ExtensibilityGlobals) = postSolution
		SolutionGuid = {340BEA68-FAC1-4295-AF85-E49F4C2967C0}
	EndGlobalSection
EndGlobal
